
Microsoft Visual Studio Solution File, Format Version 12.00
# Visual Studio Version 17
VisualStudioVersion = 17.2.32519.379
MinimumVisualStudioVersion = 10.0.40219.1
Project("{FAE04EC0-301F-11D3-BF4B-00C04F79EFBC}") = "PixelMCQuestsGeneration", "PixelMCQuestsGeneration.csproj", "{63C70045-7C67-48D7-ADAE-AACDA01D921E}"
EndProject
Global
	GlobalSection(SolutionConfigurationPlatforms) = preSolution
		Debug|Any CPU = Debug|Any CPU
		Release|Any CPU = Release|Any CPU
	EndGlobalSection
	GlobalSection(ProjectConfigurationPlatforms) = postSolution
		{63C70045-7C67-48D7-ADAE-AACDA01D921E}.Debug|Any CPU.ActiveCfg = Debug|Any CPU
		{63C70045-7C67-48D7-ADAE-AACDA01D921E}.Debug|Any CPU.Build.0 = Debug|Any CPU
		{63C70045-7C67-48D7-ADAE-AACDA01D921E}.Release|Any CPU.ActiveCfg = Release|Any CPU
		{63C70045-7C67-48D7-ADAE-AACDA01D921E}.Release|Any CPU.Build.0 = Release|Any CPU
	EndGlobalSection
	GlobalSection(SolutionProperties) = preSolution
		HideSolutionNode = FALSE
	EndGlobalSection
	GlobalSection(ExtensibilityGlobals) = postSolution
		SolutionGuid = {F4EA5040-22BF-47F2-8175-D3EEEC4B1E96}
	EndGlobalSection
EndGlobal
